
Microsoft Visual Studio Solution File, Format Version 12.00
# Visual Studio 15
VisualStudioVersion = 15.0.26124.0
MinimumVisualStudioVersion = 15.0.26124.0
Project("{FAE04EC0-301F-11D3-BF4B-00C04F79EFBC}") = "Investimento.API", "Investimento.API\Investimento.API.csproj", "{175F6C1B-16D7-4CAD-B1B1-8C97ECB44287}"
EndProject
Project("{FAE04EC0-301F-11D3-BF4B-00C04F79EFBC}") = "Investimento.Domain", "Investimento.Domain\Investimento.Domain.csproj", "{DD290BC4-69BA-4671-8002-8C02B39A58E0}"
EndProject
Project("{FAE04EC0-301F-11D3-BF4B-00C04F79EFBC}") = "Investimento.Data", "Investimento.Data\Investimento.Data.csproj", "{66439C51-A2E2-4967-B737-E750F0DEABFE}"
EndProject
Global
	GlobalSection(SolutionConfigurationPlatforms) = preSolution
		Debug|Any CPU = Debug|Any CPU
		Debug|x64 = Debug|x64
		Debug|x86 = Debug|x86
		Release|Any CPU = Release|Any CPU
		Release|x64 = Release|x64
		Release|x86 = Release|x86
	EndGlobalSection
	GlobalSection(SolutionProperties) = preSolution
		HideSolutionNode = FALSE
	EndGlobalSection
	GlobalSection(ProjectConfigurationPlatforms) = postSolution
		{175F6C1B-16D7-4CAD-B1B1-8C97ECB44287}.Debug|Any CPU.ActiveCfg = Debug|Any CPU
		{175F6C1B-16D7-4CAD-B1B1-8C97ECB44287}.Debug|Any CPU.Build.0 = Debug|Any CPU
		{175F6C1B-16D7-4CAD-B1B1-8C97ECB44287}.Debug|x64.ActiveCfg = Debug|Any CPU
		{175F6C1B-16D7-4CAD-B1B1-8C97ECB44287}.Debug|x64.Build.0 = Debug|Any CPU
		{175F6C1B-16D7-4CAD-B1B1-8C97ECB44287}.Debug|x86.ActiveCfg = Debug|Any CPU
		{175F6C1B-16D7-4CAD-B1B1-8C97ECB44287}.Debug|x86.Build.0 = Debug|Any CPU
		{175F6C1B-16D7-4CAD-B1B1-8C97ECB44287}.Release|Any CPU.ActiveCfg = Release|Any CPU
		{175F6C1B-16D7-4CAD-B1B1-8C97ECB44287}.Release|Any CPU.Build.0 = Release|Any CPU
		{175F6C1B-16D7-4CAD-B1B1-8C97ECB44287}.Release|x64.ActiveCfg = Release|Any CPU
		{175F6C1B-16D7-4CAD-B1B1-8C97ECB44287}.Release|x64.Build.0 = Release|Any CPU
		{175F6C1B-16D7-4CAD-B1B1-8C97ECB44287}.Release|x86.ActiveCfg = Release|Any CPU
		{175F6C1B-16D7-4CAD-B1B1-8C97ECB44287}.Release|x86.Build.0 = Release|Any CPU
		{DD290BC4-69BA-4671-8002-8C02B39A58E0}.Debug|Any CPU.ActiveCfg = Debug|Any CPU
		{DD290BC4-69BA-4671-8002-8C02B39A58E0}.Debug|Any CPU.Build.0 = Debug|Any CPU
		{DD290BC4-69BA-4671-8002-8C02B39A58E0}.Debug|x64.ActiveCfg = Debug|Any CPU
		{DD290BC4-69BA-4671-8002-8C02B39A58E0}.Debug|x64.Build.0 = Debug|Any CPU
		{DD290BC4-69BA-4671-8002-8C02B39A58E0}.Debug|x86.ActiveCfg = Debug|Any CPU
		{DD290BC4-69BA-4671-8002-8C02B39A58E0}.Debug|x86.Build.0 = Debug|Any CPU
		{DD290BC4-69BA-4671-8002-8C02B39A58E0}.Release|Any CPU.ActiveCfg = Release|Any CPU
		{DD290BC4-69BA-4671-8002-8C02B39A58E0}.Release|Any CPU.Build.0 = Release|Any CPU
		{DD290BC4-69BA-4671-8002-8C02B39A58E0}.Release|x64.ActiveCfg = Release|Any CPU
		{DD290BC4-69BA-4671-8002-8C02B39A58E0}.Release|x64.Build.0 = Release|Any CPU
		{DD290BC4-69BA-4671-8002-8C02B39A58E0}.Release|x86.ActiveCfg = Release|Any CPU
		{DD290BC4-69BA-4671-8002-8C02B39A58E0}.Release|x86.Build.0 = Release|Any CPU
		{66439C51-A2E2-4967-B737-E750F0DEABFE}.Debug|Any CPU.ActiveCfg = Debug|Any CPU
		{66439C51-A2E2-4967-B737-E750F0DEABFE}.Debug|Any CPU.Build.0 = Debug|Any CPU
		{66439C51-A2E2-4967-B737-E750F0DEABFE}.Debug|x64.ActiveCfg = Debug|Any CPU
		{66439C51-A2E2-4967-B737-E750F0DEABFE}.Debug|x64.Build.0 = Debug|Any CPU
		{66439C51-A2E2-4967-B737-E750F0DEABFE}.Debug|x86.ActiveCfg = Debug|Any CPU
		{66439C51-A2E2-4967-B737-E750F0DEABFE}.Debug|x86.Build.0 = Debug|Any CPU
		{66439C51-A2E2-4967-B737-E750F0DEABFE}.Release|Any CPU.ActiveCfg = Release|Any CPU
		{66439C51-A2E2-4967-B737-E750F0DEABFE}.Release|Any CPU.Build.0 = Release|Any CPU
		{66439C51-A2E2-4967-B737-E750F0DEABFE}.Release|x64.ActiveCfg = Release|Any CPU
		{66439C51-A2E2-4967-B737-E750F0DEABFE}.Release|x64.Build.0 = Release|Any CPU
		{66439C51-A2E2-4967-B737-E750F0DEABFE}.Release|x86.ActiveCfg = Release|Any CPU
		{66439C51-A2E2-4967-B737-E750F0DEABFE}.Release|x86.Build.0 = Release|Any CPU
	EndGlobalSection
EndGlobal
